
Microsoft Visual Studio Solution File, Format Version 12.00
# Visual Studio 15
VisualStudioVersion = 15.0.27428.2037
MinimumVisualStudioVersion = 10.0.40219.1
Project("{FAE04EC0-301F-11D3-BF4B-00C04F79EFBC}") = "AgendaPesquisa", "AgendaPesquisa\AgendaPesquisa.csproj", "{FBA13624-6C8B-41BD-A903-7CA46F7754C7}"
EndProject
Global
	GlobalSection(SolutionConfigurationPlatforms) = preSolution
		Debug|Any CPU = Debug|Any CPU
		Release|Any CPU = Release|Any CPU
	EndGlobalSection
	GlobalSection(ProjectConfigurationPlatforms) = postSolution
		{FBA13624-6C8B-41BD-A903-7CA46F7754C7}.Debug|Any CPU.ActiveCfg = Debug|Any CPU
		{FBA13624-6C8B-41BD-A903-7CA46F7754C7}.Debug|Any CPU.Build.0 = Debug|Any CPU
		{FBA13624-6C8B-41BD-A903-7CA46F7754C7}.Release|Any CPU.ActiveCfg = Release|Any CPU
		{FBA13624-6C8B-41BD-A903-7CA46F7754C7}.Release|Any CPU.Build.0 = Release|Any CPU
	EndGlobalSection
	GlobalSection(SolutionProperties) = preSolution
		HideSolutionNode = FALSE
	EndGlobalSection
	GlobalSection(ExtensibilityGlobals) = postSolution
		SolutionGuid = {72D59880-13CA-43BC-8700-8FC030598D18}
	EndGlobalSection
EndGlobal
